<?xml version="1.0" encoding="utf-8"?>
<Project ToolsVersion="4.0" xmlns="http://schemas.microsoft.com/developer/msbuild/2003">
  <ItemGroup>
    <Filter Include="Noise">
      <UniqueIdentifier>{6323C10D-CF37-E9BE-98B9-8C1E048DE5EF}</UniqueIdentifier>
    </Filter>
    <Filter Include="UILib">
      <UniqueIdentifier>{DA7B2A0E-4690-52BF-0F12-F61E7BE54EF0}</UniqueIdentifier>
    </Filter>
  </ItemGroup>
  <ItemGroup>
    <ClInclude Include="Noise\FastNoise.h">
      <Filter>Noise</Filter>
    </ClInclude>
    <ClInclude Include="Noise\HeightMap.h">
      <Filter>Noise</Filter>
    </ClInclude>
    <ClInclude Include="Noise\NormalMap.h">
      <Filter>Noise</Filter>
    </ClInclude>
    <ClInclude Include="Noise\stb_image.h">
      <Filter>Noise</Filter>
    </ClInclude>
    <ClInclude Include="Noise\stb_image_write.h">
      <Filter>Noise</Filter>
    </ClInclude>
    <ClInclude Include="UILib\Button.h">
      <Filter>UILib</Filter>
    </ClInclude>
    <ClInclude Include="UILib\Input.h">
      <Filter>UILib</Filter>
    </ClInclude>
    <ClInclude Include="UILib\Slider.h">
      <Filter>UILib</Filter>
    </ClInclude>
    <ClInclude Include="UILib\Table.h">
      <Filter>UILib</Filter>
    </ClInclude>
    <ClInclude Include="UILib\UIElement.h">
      <Filter>UILib</Filter>
    </ClInclude>
    <ClInclude Include="UILib\UILib.h">
      <Filter>UILib</Filter>
    </ClInclude>
    <ClInclude Include="UILib\Window.h">
      <Filter>UILib</Filter>
    </ClInclude>
  </ItemGroup>
  <ItemGroup>
    <ClCompile Include="Noise\FastNoise.cpp">
      <Filter>Noise</Filter>
    </ClCompile>
    <ClCompile Include="Noise\HeightMap.cpp">
      <Filter>Noise</Filter>
    </ClCompile>
    <ClCompile Include="Noise\Main.cpp">
      <Filter>Noise</Filter>
    </ClCompile>
    <ClCompile Include="Noise\NormalMap.cpp">
      <Filter>Noise</Filter>
    </ClCompile>
    <ClCompile Include="Noise\stbi.cpp">
      <Filter>Noise</Filter>
    </ClCompile>
    <ClCompile Include="UILib\UIElement.cpp">
      <Filter>UILib</Filter>
    </ClCompile>
    <ClCompile Include="UILib\Window.cpp">
      <Filter>UILib</Filter>
    </ClCompile>
  </ItemGroup>
</Project>